# Auto-generated by mcpp. Do not edit by hand.
version = 2

[package."compat.libarchive"]
namespace = "compat"
version = "3.8.7"
source  = "index+compat@3.8.7"
hash    = "fnv1a:e412742c0533bef7"

[package."ftxui"]
namespace = "mcpplibs"
version = "6.1.9"
source  = "index+mcpplibs@6.1.9"
hash    = "fnv1a:b3ae3d5c6e5a7a91"

[package."mcpplibs.capi.lua"]
namespace = "mcpplibs.capi"
version = "0.0.3"
source  = "index+mcpplibs.capi@0.0.3"
hash    = "fnv1a:c8e7ef9d60a1a3a6"

[package."mcpplibs.cmdline"]
namespace = "mcpplibs"
version = "0.0.2"
source  = "index+mcpplibs@0.0.2"
hash    = "fnv1a:8ee8a8e51ac69885"

[package."mcpplibs.tinyhttps"]
namespace = "mcpplibs"
version = "0.2.7"
source  = "index+mcpplibs@0.2.7"
hash    = "fnv1a:6c0697c954694d08"

[package."mcpplibs.xpkg"]
namespace = "mcpplibs"
version = "0.0.41"
source  = "index+mcpplibs@0.0.41"
hash    = "fnv1a:6b8e5df6e20e74c3"

