# Auto-generated by mcpp. Do not edit by hand.
# Records what this build resolved. It does not yet pin future builds:
# index dependencies are re-resolved from their constraints each time.
# dev-dependencies are excluded: only `mcpp test` resolves them, and this
# file must not change depending on which command ran last.
version = 2

[package."compat.bzip2"]
namespace = "compat"
version = "1.0.8"
source  = "index+compat@1.0.8"
hash    = "fnv1a:e0e808c73d8f562d"

[package."compat.ftxui"]
namespace = "compat"
version = "6.1.9"
source  = "index+compat@6.1.9"
hash    = "fnv1a:2798f2ba9c6400b1"

[package."compat.libarchive"]
namespace = "compat"
version = "3.8.7"
source  = "index+compat@3.8.7"
hash    = "fnv1a:c4f73335678a009e"

[package."compat.lua"]
namespace = "compat"
version = "5.4.7"
source  = "index+compat@5.4.7"
hash    = "fnv1a:62ff6fb178577847"

[package."compat.lz4"]
namespace = "compat"
version = "1.10.0"
source  = "index+compat@1.10.0"
hash    = "fnv1a:c1f0fef08251ee13"

[package."compat.mbedtls"]
namespace = "compat"
version = "3.6.1"
source  = "index+compat@3.6.1"
hash    = "fnv1a:bb700e69e973ccd0"

[package."compat.xz"]
namespace = "compat"
version = "5.8.3"
source  = "index+compat@5.8.3"
hash    = "fnv1a:8556dee38703a791"

[package."compat.zlib"]
namespace = "compat"
version = "1.3.2"
source  = "index+compat@1.3.2"
hash    = "fnv1a:9f13dbeaae3ef4c0"

[package."compat.zstd"]
namespace = "compat"
version = "1.5.7"
source  = "index+compat@1.5.7"
hash    = "fnv1a:cc855914d41f9bfb"

[package."mcpplibs.cmdline"]
namespace = "mcpplibs"
version = "0.0.2"
source  = "index+mcpplibs@0.0.2"
hash    = "fnv1a:aad61299abc2c4b7"

[package."tinyhttps"]
namespace = "mcpplibs"
version = "0.2.9"
source  = "index+mcpplibs@0.2.9"
hash    = "fnv1a:a01132893163f775"

[package."mcpplibs.xpkg"]
namespace = "mcpplibs"
version = "0.0.60"
source  = "index+mcpplibs@0.0.60"
hash    = "fnv1a:86ae98702bf16787"

[package."mcpplibs.capi.lua"]
namespace = "mcpplibs.capi"
version = "0.0.3"
source  = "index+mcpplibs.capi@0.0.3"
hash    = "fnv1a:f3031630d0b22d94"

