# Auto-generated by mcpp. Do not edit by hand.
# Records what this build resolved. It does not yet pin future builds:
# index dependencies are re-resolved from their constraints each time.
# dev-dependencies are excluded: only `mcpp test` resolves them, and this
# file must not change depending on which command ran last.
version = 2

[package."compat.bzip2"]
namespace = "compat"
version = "1.0.8"
source  = "index+compat@1.0.8"
hash    = "fnv1a:3672c2797c5f2faf"

[package."compat.libarchive"]
namespace = "compat"
version = "3.8.7"
source  = "index+compat@3.8.7"
hash    = "fnv1a:e412742c0533bef7"

[package."compat.lz4"]
namespace = "compat"
version = "1.10.0"
source  = "index+compat@1.10.0"
hash    = "fnv1a:77a204c2fbefcdc5"

[package."compat.mbedtls"]
namespace = "compat"
version = "3.6.1"
source  = "index+compat@3.6.1"
hash    = "fnv1a:83dea67ac1379be3"

[package."compat.xz"]
namespace = "compat"
version = "5.8.3"
source  = "index+compat@5.8.3"
hash    = "fnv1a:3c6c899487663f43"

[package."compat.zlib"]
namespace = "compat"
version = "1.3.2"
source  = "index+compat@1.3.2"
hash    = "fnv1a:bb0a6ebd39272a80"

[package."compat.zstd"]
namespace = "compat"
version = "1.5.7"
source  = "index+compat@1.5.7"
hash    = "fnv1a:bfb039f8b4a4b3f3"

[package."mcpplibs.cmdline"]
namespace = "mcpplibs"
version = "0.0.2"
source  = "index+mcpplibs@0.0.2"
hash    = "fnv1a:8ee8a8e51ac69885"

[package."ftxui"]
namespace = "mcpplibs"
version = "6.1.9"
source  = "index+mcpplibs@6.1.9"
hash    = "fnv1a:b3ae3d5c6e5a7a91"

[package."lua"]
namespace = "mcpplibs"
version = "5.4.7"
source  = "index+mcpplibs@5.4.7"
hash    = "fnv1a:baac1cce64264c57"

[package."mcpplibs.tinyhttps"]
namespace = "mcpplibs"
version = "0.2.9"
source  = "index+mcpplibs@0.2.9"
hash    = "fnv1a:3465dd0bd5d7aa20"

[package."mcpplibs.xpkg"]
namespace = "mcpplibs"
version = "0.0.54"
source  = "index+mcpplibs@0.0.54"
hash    = "fnv1a:c2bda4dabc8efb38"

[package."mcpplibs.capi.lua"]
namespace = "mcpplibs.capi"
version = "0.0.3"
source  = "index+mcpplibs.capi@0.0.3"
hash    = "fnv1a:c8e7ef9d60a1a3a6"

